<?xml version="1.0" encoding="UTF-8" standalone="yes" ?>
<CodeBlocks_project_file>
	<FileVersion major="1" minor="6" />
	<Project>
		<Option title="KinFuCB" />
		<Option pch_mode="2" />
		<Option compiler="nvidia_nvcc_compiler" />
		<Build>
			<Target title="Debug">
				<Option output="bin/Debug/KinFuCB" prefix_auto="1" extension_auto="1" />
				<Option working_dir="../../../Code" />
				<Option object_output="obj/Debug/" />
				<Option type="1" />
				<Option compiler="nvidia_nvcc_compiler" />
				<Compiler>
					<Add option="-g" />
					<Add option="-Wno-unknown-pragmas" />
					<Add directory="/usr/include/eigen3" />
				</Compiler>
				<Linker>
					<Add library="libpng" />
				</Linker>
			</Target>
			<Target title="Release">
				<Option output="bin/Release/KinFuCB" prefix_auto="1" extension_auto="1" />
				<Option object_output="obj/Release/" />
				<Option type="1" />
				<Option compiler="nvidia_nvcc_compiler" />
				<Compiler>
					<Add option="-O2" />
				</Compiler>
				<Linker>
					<Add option="-s" />
				</Linker>
			</Target>
			<Target title="Test">
				<Option output="bin/KinFuTests" prefix_auto="1" extension_auto="1" />
				<Option type="1" />
				<Option compiler="nvidia_nvcc_compiler" />
				<Option parameters="--gtest_filter=TSDF_Integration*" />
				<Compiler>
					<Add option="-g" />
					<Add option="-Wno-unknown-pragmas" />
					<Add directory="GoogleTest/include" />
					<Add directory="/mnt/hgfs/PhD/Code/KinFu/KinFu/GoogleTest" />
					<Add directory="/usr/include/eigen3" />
				</Compiler>
				<Linker>
					<Add library="libpng" />
				</Linker>
			</Target>
			<Target title="Warpfield">
				<Option output="bin/Warpfield" prefix_auto="1" extension_auto="1" />
				<Option type="0" />
				<Option compiler="nvidia_nvcc_compiler" />
				<Compiler>
					<Add option="-Wno-unknown-pragmas" />
					<Add directory="/usr/include/eigen3" />
				</Compiler>
			</Target>
		</Build>
		<Compiler>
			<Add option="-Wall" />
		</Compiler>
		<Unit filename="GoogleTest/include/gtest/gtest-death-test.h">
			<Option target="&lt;{~None~}&gt;" />
		</Unit>
		<Unit filename="GoogleTest/include/gtest/gtest-message.h">
			<Option target="&lt;{~None~}&gt;" />
		</Unit>
		<Unit filename="GoogleTest/include/gtest/gtest-param-test.h">
			<Option target="&lt;{~None~}&gt;" />
		</Unit>
		<Unit filename="GoogleTest/include/gtest/gtest-printers.h">
			<Option target="&lt;{~None~}&gt;" />
		</Unit>
		<Unit filename="GoogleTest/include/gtest/gtest-spi.h">
			<Option target="&lt;{~None~}&gt;" />
		</Unit>
		<Unit filename="GoogleTest/include/gtest/gtest-test-part.h">
			<Option target="&lt;{~None~}&gt;" />
		</Unit>
		<Unit filename="GoogleTest/include/gtest/gtest-typed-test.h">
			<Option target="&lt;{~None~}&gt;" />
		</Unit>
		<Unit filename="GoogleTest/include/gtest/gtest.h">
			<Option target="&lt;{~None~}&gt;" />
		</Unit>
		<Unit filename="GoogleTest/include/gtest/gtest_pred_impl.h">
			<Option target="&lt;{~None~}&gt;" />
		</Unit>
		<Unit filename="GoogleTest/include/gtest/gtest_prod.h">
			<Option target="&lt;{~None~}&gt;" />
		</Unit>
		<Unit filename="GoogleTest/include/gtest/internal/custom/gtest-port.h">
			<Option target="&lt;{~None~}&gt;" />
		</Unit>
		<Unit filename="GoogleTest/include/gtest/internal/custom/gtest-printers.h">
			<Option target="&lt;{~None~}&gt;" />
		</Unit>
		<Unit filename="GoogleTest/include/gtest/internal/custom/gtest.h">
			<Option target="&lt;{~None~}&gt;" />
		</Unit>
		<Unit filename="GoogleTest/include/gtest/internal/gtest-death-test-internal.h">
			<Option target="&lt;{~None~}&gt;" />
		</Unit>
		<Unit filename="GoogleTest/include/gtest/internal/gtest-filepath.h">
			<Option target="&lt;{~None~}&gt;" />
		</Unit>
		<Unit filename="GoogleTest/include/gtest/internal/gtest-internal.h">
			<Option target="&lt;{~None~}&gt;" />
		</Unit>
		<Unit filename="GoogleTest/include/gtest/internal/gtest-linked_ptr.h">
			<Option target="&lt;{~None~}&gt;" />
		</Unit>
		<Unit filename="GoogleTest/include/gtest/internal/gtest-param-util-generated.h">
			<Option target="&lt;{~None~}&gt;" />
		</Unit>
		<Unit filename="GoogleTest/include/gtest/internal/gtest-param-util.h">
			<Option target="&lt;{~None~}&gt;" />
		</Unit>
		<Unit filename="GoogleTest/include/gtest/internal/gtest-port-arch.h">
			<Option target="&lt;{~None~}&gt;" />
		</Unit>
		<Unit filename="GoogleTest/include/gtest/internal/gtest-port.h">
			<Option target="&lt;{~None~}&gt;" />
		</Unit>
		<Unit filename="GoogleTest/include/gtest/internal/gtest-string.h">
			<Option target="&lt;{~None~}&gt;" />
		</Unit>
		<Unit filename="GoogleTest/include/gtest/internal/gtest-tuple.h">
			<Option target="&lt;{~None~}&gt;" />
		</Unit>
		<Unit filename="GoogleTest/include/gtest/internal/gtest-type-util.h">
			<Option target="&lt;{~None~}&gt;" />
		</Unit>
		<Unit filename="GoogleTest/src/gtest-all.cc">
			<Option target="Test" />
		</Unit>
		<Unit filename="GoogleTest/src/gtest-death-test.cc">
			<Option target="&lt;{~None~}&gt;" />
		</Unit>
		<Unit filename="GoogleTest/src/gtest-filepath.cc">
			<Option target="&lt;{~None~}&gt;" />
		</Unit>
		<Unit filename="GoogleTest/src/gtest-internal-inl.h">
			<Option target="&lt;{~None~}&gt;" />
		</Unit>
		<Unit filename="GoogleTest/src/gtest-port.cc">
			<Option target="&lt;{~None~}&gt;" />
		</Unit>
		<Unit filename="GoogleTest/src/gtest-printers.cc">
			<Option target="&lt;{~None~}&gt;" />
		</Unit>
		<Unit filename="GoogleTest/src/gtest-test-part.cc">
			<Option target="&lt;{~None~}&gt;" />
		</Unit>
		<Unit filename="GoogleTest/src/gtest-typed-test.cc">
			<Option target="&lt;{~None~}&gt;" />
		</Unit>
		<Unit filename="GoogleTest/src/gtest.cc">
			<Option target="&lt;{~None~}&gt;" />
		</Unit>
		<Unit filename="GoogleTest/src/gtest_main.cc">
			<Option target="Test" />
		</Unit>
		<Unit filename="KinFu/BilateralFilter.cpp">
			<Option target="Debug" />
			<Option target="Release" />
			<Option target="Test" />
		</Unit>
		<Unit filename="KinFu/BilateralFilter.hpp">
			<Option target="Debug" />
			<Option target="Release" />
			<Option target="Test" />
		</Unit>
		<Unit filename="KinFu/CPU/CPURaycaster.cpp">
			<Option target="Debug" />
			<Option target="Release" />
			<Option target="Test" />
		</Unit>
		<Unit filename="KinFu/CPU/CPURaycaster.hpp">
			<Option target="Debug" />
			<Option target="Release" />
			<Option target="Test" />
		</Unit>
		<Unit filename="KinFu/CPU/CPUTSDFVolume.cpp">
			<Option target="Debug" />
			<Option target="Release" />
			<Option target="Test" />
		</Unit>
		<Unit filename="KinFu/CPU/CPUTSDFVolume.hpp">
			<Option target="Debug" />
			<Option target="Release" />
			<Option target="Test" />
		</Unit>
		<Unit filename="KinFu/Camera.cpp">
			<Option target="Debug" />
			<Option target="Release" />
			<Option target="Test" />
		</Unit>
		<Unit filename="KinFu/Camera.hpp">
			<Option target="Debug" />
			<Option target="Release" />
			<Option target="Test" />
		</Unit>
		<Unit filename="KinFu/GPU/GPURaycaster.cpp">
			<Option target="Debug" />
			<Option target="Release" />
			<Option target="Test" />
		</Unit>
		<Unit filename="KinFu/GPU/GPURaycaster.hpp">
			<Option target="Debug" />
			<Option target="Release" />
			<Option target="Test" />
		</Unit>
		<Unit filename="KinFu/GPU/GPUTSDFVolume.cu">
			<Option compile="1" />
			<Option link="1" />
			<Option target="Debug" />
			<Option target="Release" />
			<Option target="Test" />
		</Unit>
		<Unit filename="KinFu/GPU/GPUTSDFVolume.cuh">
			<Option target="Debug" />
			<Option target="Release" />
			<Option target="Test" />
		</Unit>
		<Unit filename="KinFu/GPU/GPUTSDFVolume.hpp">
			<Option target="Debug" />
			<Option target="Release" />
			<Option target="Test" />
		</Unit>
		<Unit filename="KinFu/GPU/Raycaster_kernel.cu">
			<Option compile="1" />
			<Option link="1" />
			<Option target="Debug" />
			<Option target="Release" />
			<Option target="Test" />
		</Unit>
		<Unit filename="KinFu/GPU/Raycaster_kernel.hpp">
			<Option target="Debug" />
			<Option target="Release" />
			<Option target="Test" />
		</Unit>
		<Unit filename="KinFu/GPU/TSDF_kernel.cu">
			<Option compile="1" />
			<Option link="1" />
			<Option target="Debug" />
			<Option target="Release" />
			<Option target="Test" />
		</Unit>
		<Unit filename="KinFu/GPU/TSDF_kernel.hpp">
			<Option target="Debug" />
			<Option target="Release" />
			<Option target="Test" />
		</Unit>
		<Unit filename="KinFu/GPU/cu_common.hpp">
			<Option target="Debug" />
			<Option target="Release" />
			<Option target="Test" />
		</Unit>
		<Unit filename="KinFu/TSDFVolume.cpp">
			<Option target="Debug" />
			<Option target="Release" />
			<Option target="Test" />
		</Unit>
		<Unit filename="KinFu/TSDFVolume.hpp">
			<Option target="Debug" />
			<Option target="Release" />
			<Option target="Test" />
		</Unit>
		<Unit filename="KinFu/Utilities/Definitions.cpp">
			<Option target="Debug" />
			<Option target="Release" />
			<Option target="Test" />
		</Unit>
		<Unit filename="KinFu/Utilities/Definitions.hpp">
			<Option target="Debug" />
			<Option target="Release" />
			<Option target="Test" />
		</Unit>
		<Unit filename="KinFu/Utilities/DepthMapUtilities.cpp">
			<Option target="Debug" />
			<Option target="Release" />
			<Option target="Test" />
		</Unit>
		<Unit filename="KinFu/Utilities/DepthMapUtilities.hpp">
			<Option target="Debug" />
			<Option target="Release" />
			<Option target="Test" />
		</Unit>
		<Unit filename="KinFu/Utilities/FileUtilities.cpp">
			<Option target="Debug" />
			<Option target="Release" />
			<Option target="Test" />
		</Unit>
		<Unit filename="KinFu/Utilities/FileUtilities.hpp">
			<Option target="Debug" />
			<Option target="Release" />
			<Option target="Test" />
		</Unit>
		<Unit filename="KinFu/Utilities/PgmUtilities.cpp">
			<Option target="Debug" />
			<Option target="Release" />
			<Option target="Test" />
		</Unit>
		<Unit filename="KinFu/Utilities/PgmUtilities.hpp">
			<Option target="Debug" />
			<Option target="Release" />
			<Option target="Test" />
		</Unit>
		<Unit filename="KinFu/Utilities/PngUtilities.cpp">
			<Option target="Debug" />
			<Option target="Release" />
			<Option target="Test" />
		</Unit>
		<Unit filename="KinFu/Utilities/PngUtilities.hpp">
			<Option target="Debug" />
			<Option target="Release" />
			<Option target="Test" />
		</Unit>
		<Unit filename="KinFu/Utilities/PngWrapper.cpp">
			<Option target="Debug" />
			<Option target="Release" />
			<Option target="Test" />
		</Unit>
		<Unit filename="KinFu/Utilities/PngWrapper.hpp">
			<Option target="Debug" />
			<Option target="Release" />
			<Option target="Test" />
		</Unit>
		<Unit filename="KinFu/Utilities/RenderUtilities.cpp">
			<Option target="Debug" />
			<Option target="Release" />
			<Option target="Test" />
		</Unit>
		<Unit filename="KinFu/Utilities/RenderUtilities.hpp">
			<Option target="Debug" />
			<Option target="Release" />
			<Option target="Test" />
		</Unit>
		<Unit filename="KinFu/Utilities/TSDFLoader.cpp">
			<Option target="Debug" />
			<Option target="Release" />
			<Option target="Test" />
		</Unit>
		<Unit filename="KinFu/Utilities/TSDFLoader.hpp">
			<Option target="Debug" />
			<Option target="Release" />
			<Option target="Test" />
		</Unit>
		<Unit filename="KinFu/main.cpp">
			<Option target="Debug" />
			<Option target="Release" />
		</Unit>
		<Unit filename="TestTSDF/TestHelpers.cpp">
			<Option target="Test" />
		</Unit>
		<Unit filename="TestTSDF/TestHelpers.hpp">
			<Option target="Test" />
		</Unit>
		<Unit filename="TestTSDF/Test_CPUTSDFMetrics.cpp">
			<Option target="Test" />
		</Unit>
		<Unit filename="TestTSDF/Test_Camera.cpp">
			<Option target="Test" />
		</Unit>
		<Unit filename="TestTSDF/Test_TSDF_Integration.cpp">
			<Option target="Test" />
		</Unit>
		<Unit filename="TestTSDF/Test_TSDF_Load.cpp">
			<Option target="Test" />
		</Unit>
		<Unit filename="TestTSDF/Test_TSDF_RayCast.cpp">
			<Option target="Test" />
		</Unit>
		<Unit filename="WarpField/DeformationNode.cpp">
			<Option target="Debug" />
			<Option target="Release" />
			<Option target="Warpfield" />
		</Unit>
		<Unit filename="WarpField/DeformationNode.hpp">
			<Option target="Debug" />
			<Option target="Release" />
			<Option target="Warpfield" />
		</Unit>
		<Unit filename="WarpField/DualQuaternion.cpp">
			<Option target="Debug" />
			<Option target="Release" />
			<Option target="Warpfield" />
		</Unit>
		<Unit filename="WarpField/DualQuaternion.hpp">
			<Option target="Debug" />
			<Option target="Release" />
			<Option target="Warpfield" />
		</Unit>
		<Unit filename="WarpField/Quaternion.cpp">
			<Option target="Debug" />
			<Option target="Release" />
			<Option target="Warpfield" />
		</Unit>
		<Unit filename="WarpField/Quaternion.hpp">
			<Option target="Debug" />
			<Option target="Release" />
			<Option target="Warpfield" />
		</Unit>
		<Unit filename="WarpField/WarpField.cpp">
			<Option target="Debug" />
			<Option target="Release" />
			<Option target="Warpfield" />
		</Unit>
		<Unit filename="WarpField/WarpField.hpp">
			<Option target="Debug" />
			<Option target="Release" />
			<Option target="Warpfield" />
		</Unit>
		<Unit filename="WarpField/main.cpp">
			<Option target="Debug" />
			<Option target="Release" />
			<Option target="Warpfield" />
		</Unit>
		<Extensions>
			<code_completion />
			<debugger />
		</Extensions>
	</Project>
</CodeBlocks_project_file>
